{
  "name": "dsh-personal-directive",
  "version": "0.2.8",
  "lockfileVersion": 3,
  "requires": true,
  "packages": {
    "": {
      "name": "dsh-personal-directive",
      "version": "0.2.8",
      "license": "MIT",
      "dependencies": {
        "@deepseek-ai/dsh-typert-protocol": "0.2.1-alpha.1",
        "react": "^18.2.0",
        "zod": "^4.4.3"
      },
      "devDependencies": {
        "@deepseek-ai/cordis": "^4.0.5-alpha.1",
        "@deepseek-ai/dsh-typert-registry": "0.2.1-alpha.1"
      },
      "funding": {
        "type": "individual",
        "url": "https://github.com/sponsors/PerryLink"
      },
      "peerDependencies": {
        "@deepseek-ai/dsh-api-gateway": ">=0.1.2-rc.1 <0.2.0 || >=0.1.5-alpha.1 <0.2.0 || >=0.1.6-0 <0.2.0 || >=0.1.7-0 <0.2.0 || >=0.2.0-0 <0.3.0 || >=0.2.1-0 <0.3.0",
        "@deepseek-ai/dsh-client-locale": ">=0.1.2-rc.1 <0.2.0 || >=0.1.5-alpha.1 <0.2.0 || >=0.1.6-0 <0.2.0 || >=0.1.7-0 <0.2.0 || >=0.2.0-0 <0.3.0 || >=0.2.1-0 <0.3.0",
        "@deepseek-ai/dsh-client-ui-conversation": ">=0.1.2-rc.1 <0.2.0 || >=0.1.5-alpha.1 <0.2.0 || >=0.1.6-0 <0.2.0 || >=0.1.7-0 <0.2.0 || >=0.2.0-0 <0.3.0 || >=0.2.1-0 <0.3.0",
        "@deepseek-ai/dsh-client-ui-primitives": ">=0.1.2-rc.1 <0.2.0 || >=0.1.5-alpha.1 <0.2.0 || >=0.1.6-0 <0.2.0 || >=0.1.7-0 <0.2.0 || >=0.2.0-0 <0.3.0 || >=0.2.1-0 <0.3.0"
      },
      "peerDependenciesMeta": {
        "@deepseek-ai/dsh-api-gateway": {
          "optional": true
        },
        "@deepseek-ai/dsh-client-locale": {
          "optional": true
        },
        "@deepseek-ai/dsh-client-ui-conversation": {
          "optional": true
        },
        "@deepseek-ai/dsh-client-ui-primitives": {
          "optional": true
        }
      }
    },
    "node_modules/@deepseek-ai/cordis": {
      "version": "4.0.5-alpha.1",
      "resolved": "https://registry.npmjs.org/@deepseek-ai/cordis/-/cordis-4.0.5-alpha.1.tgz",
      "integrity": "sha512-I0akiPAK9EEWO+GMAO0YGbn3/rzg/yopaxohBaG9JHM8dDzGaCZNp3mehjeC66IQL0AyTyDwvgv7v1aB+eMnKQ==",
      "license": "MIT",
      "dependencies": {
        "@deepseek-ai/cosmokit": "~1.8.6-alpha.1",
        "@standard-schema/spec": "^1.1.0"
      },
      "bin": {
        "cordis": "bin.js"
      },
      "peerDependencies": {
        "@deepseek-ai/cordis-plugin-include": "~1.0.10-alpha.1",
        "@deepseek-ai/cordis-plugin-loader": "~1.0.6-alpha.1"
      },
      "peerDependenciesMeta": {
        "@deepseek-ai/cordis-plugin-include": {
          "optional": true
        },
        "@deepseek-ai/cordis-plugin-loader": {
          "optional": true
        }
      }
    },
    "node_modules/@deepseek-ai/cosmokit": {
      "version": "1.8.6-alpha.1",
      "resolved": "https://registry.npmjs.org/@deepseek-ai/cosmokit/-/cosmokit-1.8.6-alpha.1.tgz",
      "integrity": "sha512-qtuYVBRu7VrD1jLHvaM5sSShtBVgff/0R5vx57fsHUeeobvvv5TmtnTrs0+h4H263kF3ie25VO70Ija8R1eaow==",
      "license": "MIT"
    },
    "node_modules/@deepseek-ai/dsh-brand": {
      "version": "0.2.1-alpha.1",
      "resolved": "https://registry.npmjs.org/@deepseek-ai/dsh-brand/-/dsh-brand-0.2.1-alpha.1.tgz",
      "integrity": "sha512-DNzncR3F5uO21E/dQGHvIFpYu1I11Ti3okkqUsE4BWqMyCsgLUaSGX/Vg6dtYeoFmPNbcWuhmk26L1/uaz1/Gw==",
      "license": "MIT",
      "peerDependencies": {
        "@deepseek-ai/cordis": "~4.0.5-alpha.1"
      }
    },
    "node_modules/@deepseek-ai/dsh-typert-protocol": {
      "version": "0.2.1-alpha.1",
      "resolved": "https://registry.npmjs.org/@deepseek-ai/dsh-typert-protocol/-/dsh-typert-protocol-0.2.1-alpha.1.tgz",
      "integrity": "sha512-nzNwKdiMv3nxrE6y99WtKOwbLZB5v1KzAIciMcCuZQ38rv/PKNLxE4P1QlbzyLdmKKeb68IUYvf9a1TNkv9V3g==",
      "license": "MIT",
      "dependencies": {
        "@deepseek-ai/dsh-brand": "0.2.1-alpha.1"
      },
      "peerDependencies": {
        "@deepseek-ai/cordis": "~4.0.5-alpha.1"
      }
    },
    "node_modules/@deepseek-ai/dsh-typert-registry": {
      "version": "0.2.1-alpha.1",
      "resolved": "https://registry.npmjs.org/@deepseek-ai/dsh-typert-registry/-/dsh-typert-registry-0.2.1-alpha.1.tgz",
      "integrity": "sha512-CK9Nxgh7xQpOOohMb100qHM5Vu6XgffH+5FdaQ8sPqAaAivjZWZXOVPXrUaZK8Fces/BooPY9PUyV7DN/JhpOw==",
      "dev": true,
      "license": "MIT",
      "dependencies": {
        "zod": "^4.4.3"
      },
      "peerDependencies": {
        "@deepseek-ai/cordis": "~4.0.5-alpha.1"
      }
    },
    "node_modules/@standard-schema/spec": {
      "version": "1.1.0",
      "resolved": "https://registry.npmjs.org/@standard-schema/spec/-/spec-1.1.0.tgz",
      "integrity": "sha512-l2aFy5jALhniG5HgqrD6jXLi/rUWrKvqN/qJx6yoJsgKhblVd+iqqU4RCXavm/jPityDo5TCvKMnpjKnOriy0w==",
      "license": "MIT"
    },
    "node_modules/js-tokens": {
      "version": "4.0.0",
      "resolved": "https://registry.npmjs.org/js-tokens/-/js-tokens-4.0.0.tgz",
      "integrity": "sha512-RdJUflcE3cUzKiMqQgsCu06FPu9UdIJO0beYbPhHN4k6apgJtifcoCtT9bcxOpYBtpD2kCM6Sbzg4CausW/PKQ==",
      "license": "MIT"
    },
    "node_modules/loose-envify": {
      "version": "1.4.0",
      "resolved": "https://registry.npmjs.org/loose-envify/-/loose-envify-1.4.0.tgz",
      "integrity": "sha512-lyuxPGr/Wfhrlem2CL/UcnUc1zcqKAImBDzukY7Y5F/yQiNdko6+fRLevlw1HgMySw7f611UIY408EtxRSoK3Q==",
      "license": "MIT",
      "dependencies": {
        "js-tokens": "^3.0.0 || ^4.0.0"
      },
      "bin": {
        "loose-envify": "cli.js"
      }
    },
    "node_modules/react": {
      "version": "18.3.1",
      "resolved": "https://registry.npmjs.org/react/-/react-18.3.1.tgz",
      "integrity": "sha512-wS+hAgJShR0KhEvPJArfuPVN1+Hz1t0Y6n5jLrGQbkb4urgPE/0Rve+1kMB1v/oWgHgm4WIcV+i7F2pTVj+2iQ==",
      "license": "MIT",
      "dependencies": {
        "loose-envify": "^1.1.0"
      },
      "engines": {
        "node": ">=0.10.0"
      }
    },
    "node_modules/zod": {
      "version": "4.6.5",
      "resolved": "https://registry.npmjs.org/zod/-/zod-4.6.5.tgz",
      "integrity": "sha512-v5l/aFXZQeai4awLbOpSoHecE9UiMrnfx75tEXLjNonXVARxQ5mOeipTjROUchszUNCqnE+hqAMujRsRHsut2Q==",
      "license": "MIT",
      "funding": {
        "url": "https://github.com/sponsors/colinhacks"
      }
    }
  }
}
